
Microsoft Visual Studio Solution File, Format Version 12.00
# Visual Studio Version 16
VisualStudioVersion = 16.0.30907.101
MinimumVisualStudioVersion = 10.0.40219.1
Project("{FAE04EC0-301F-11D3-BF4B-00C04F79EFBC}") = "ConsoleAssignment2Feb", "ConsoleAssignment2Feb\ConsoleAssignment2Feb.csproj", "{7CFA733E-BABE-4DD9-BB36-ACA1A6C9C18E}"
EndProject
Global
	GlobalSection(SolutionConfigurationPlatforms) = preSolution
		Debug|Any CPU = Debug|Any CPU
		Release|Any CPU = Release|Any CPU
	EndGlobalSection
	GlobalSection(ProjectConfigurationPlatforms) = postSolution
		{7CFA733E-BABE-4DD9-BB36-ACA1A6C9C18E}.Debug|Any CPU.ActiveCfg = Debug|Any CPU
		{7CFA733E-BABE-4DD9-BB36-ACA1A6C9C18E}.Debug|Any CPU.Build.0 = Debug|Any CPU
		{7CFA733E-BABE-4DD9-BB36-ACA1A6C9C18E}.Release|Any CPU.ActiveCfg = Release|Any CPU
		{7CFA733E-BABE-4DD9-BB36-ACA1A6C9C18E}.Release|Any CPU.Build.0 = Release|Any CPU
	EndGlobalSection
	GlobalSection(SolutionProperties) = preSolution
		HideSolutionNode = FALSE
	EndGlobalSection
	GlobalSection(ExtensibilityGlobals) = postSolution
		SolutionGuid = {B66ED556-9733-4CA4-9505-3ED3D89720E6}
	EndGlobalSection
EndGlobal
